PODS:
  - ConfigurationProvider (0.1.0)

DEPENDENCIES:
  - ConfigurationProvider (from `../`)

EXTERNAL SOURCES:
  ConfigurationProvider:
    :path: ../

SPEC CHECKSUMS:
  ConfigurationProvider: 136c32a5b52c04c5e6aeb61b89eaa67283d4ed6c

PODFILE CHECKSUM: 898664509d852c8f83608903451ea7419a5ddce1

COCOAPODS: 1.3.0
