PODS:
  - ConfigurationProvider (2.1.0)

DEPENDENCIES:
  - ConfigurationProvider (from `../`)

EXTERNAL SOURCES:
  ConfigurationProvider:
    :path: "../"

SPEC CHECKSUMS:
  ConfigurationProvider: 8bb5159dada15a0bc56349bd2108ce411dbbf5be

PODFILE CHECKSUM: 380f6ec437d964cbf2bc070df312445f8aa08d16

COCOAPODS: 1.11.2
